{
  "projects": [
    {
      "projectId": "D46a729piBf5SJY3hTzii",
      "version": "latest",
      "dependencies": {},
      "lang": "js",
      "fileLocks": [
        {
          "type": "globalVariant",
          "assetId": "k9rvGXGrp9xRO",
          "checksum": "6059f6a76111a5d01e54f7a0ecfff8c5"
        },
        {
          "assetId": "D46a729piBf5SJY3hTzii",
          "type": "projectCss",
          "checksum": "d43a57913f49c2519f0f9f78c1de9b91"
        },
        {
          "type": "renderModule",
          "assetId": "8i9NFbHoeukn",
          "checksum": "dd302bfe15d7465040f00b701927c2e9"
        },
        {
          "type": "cssRules",
          "assetId": "8i9NFbHoeukn",
          "checksum": "dd302bfe15d7465040f00b701927c2e9"
        },
        {
          "type": "icon",
          "assetId": "HS9tY4Eo31",
          "checksum": "4871a289ac49f2d16e810c9f83c8a6b0"
        },
        {
          "type": "icon",
          "assetId": "K6pODT2VyS",
          "checksum": "8976a86420b92c8b527111c9591f3841"
        },
        {
          "type": "icon",
          "assetId": "1DfkPMXCde",
          "checksum": "cd5456d04d7690bb5557755ca0bb808f"
        },
        {
          "type": "icon",
          "assetId": "UXaf40uJ1y",
          "checksum": "42a85a49736922cb4c58a0718eee17de"
        },
        {
          "type": "icon",
          "assetId": "_bna3co9n9",
          "checksum": "64d83647f64dd187bfc607c8ca4e784b"
        },
        {
          "type": "icon",
          "assetId": "UO1KLk_68R",
          "checksum": "67f78218af0455d9f955c4f9e82490a2"
        },
        {
          "type": "icon",
          "assetId": "rVJJjKLkLq",
          "checksum": "20343797d0245d69ea4796c598bab69d"
        },
        {
          "type": "icon",
          "assetId": "MRjGz5ofKq",
          "checksum": "2b5970c7e7b0beb74583c3023c60dc29"
        },
        {
          "type": "icon",
          "assetId": "7VrQP-PFWR",
          "checksum": "671f91705cc065539b09bf520ffad393"
        },
        {
          "type": "icon",
          "assetId": "J716FnD2cz",
          "checksum": "14f0d1aebc702591b2e763047f50f178"
        },
        {
          "type": "icon",
          "assetId": "qvUQo3SMERd",
          "checksum": "8f64a437b3b970d934a6ed1c8a4b29ef"
        },
        {
          "type": "icon",
          "assetId": "rY4yRbAHZs5",
          "checksum": "812a95c4ffe5a6bd7246e46651f40e00"
        },
        {
          "type": "icon",
          "assetId": "ERGL5KJr060",
          "checksum": "f8d58476f0f3f886cad287265114e73b"
        },
        {
          "type": "icon",
          "assetId": "Yrmcq3GtnWH",
          "checksum": "ba92f96d1d5754e2d77bba2ab5ec4bfd"
        },
        {
          "type": "icon",
          "assetId": "-zLVeFrlYJ_",
          "checksum": "53884dd3821b160a4ebd72e7b5dbf1b5"
        },
        {
          "type": "image",
          "assetId": "iRb-WoqV-",
          "checksum": "951c49f8ec34a0a2b97365261345db66"
        },
        {
          "type": "image",
          "assetId": "ptCaJl-VxD",
          "checksum": "abec424fa661a1aa153c837565c78ef6"
        },
        {
          "type": "image",
          "assetId": "BOn-rimiLp",
          "checksum": "be8e9d633e54a956543de3dfac4f6de5"
        },
        {
          "type": "image",
          "assetId": "ymJYNOMhiS",
          "checksum": "50319e0caedf656d6e437ed0e9fa4fd6"
        },
        {
          "type": "image",
          "assetId": "OF69RLnwWp",
          "checksum": "736c0f0d54f3922d9322390d59e9e07b"
        },
        {
          "type": "image",
          "assetId": "2UcS4vhBV5",
          "checksum": "c602c3e8f9a75f3250bb281dfd2bb8c1"
        },
        {
          "type": "image",
          "assetId": "C1QDIkUMBAZ",
          "checksum": "ddd79681cce2c9f1714a8615736c3e2d"
        },
        {
          "type": "image",
          "assetId": "7Y_ZlFBHCEa",
          "checksum": "2c61107d062fc87d7ccfec72e14288c2"
        },
        {
          "type": "image",
          "assetId": "dJ6CZpLuUPu",
          "checksum": "a06a9f57b63c776e5d69005f23d6e179"
        },
        {
          "type": "image",
          "assetId": "9I56hdWWDRA",
          "checksum": "adc85c3a5592b72e7c9a7382b54123a4"
        },
        {
          "type": "image",
          "assetId": "edRIlTiszN4",
          "checksum": "9bc54770768b390ec110d3532183458e"
        },
        {
          "type": "image",
          "assetId": "6BUPEULuQkS",
          "checksum": "e7f4bcbe1ab9facff6b35cd829a82e3b"
        },
        {
          "type": "image",
          "assetId": "ZGBCorGf9BM",
          "checksum": "f08966da34cd0ad0c061d5d978218a03"
        },
        {
          "type": "image",
          "assetId": "fH_hMDJW8sl",
          "checksum": "75a6bff24f92e63414773d963a0fcb9f"
        },
        {
          "type": "image",
          "assetId": "xaneBWCuZkh",
          "checksum": "9595977253327befe138a62403e92015"
        },
        {
          "type": "image",
          "assetId": "-4-7oWbtAvL",
          "checksum": "3820ee16485c8183e6fcddf5e10e25de"
        },
        {
          "type": "image",
          "assetId": "5fHmqWpJLQc",
          "checksum": "5ba0d180347698fbc1c7263ea6921ef5"
        },
        {
          "type": "image",
          "assetId": "bJG4byHVnex",
          "checksum": "853186d79faedb05eb7a5cdaa4d17ffa"
        },
        {
          "type": "image",
          "assetId": "6O20sNT5ERL",
          "checksum": "545d49641dc3febae043d39081c8589d"
        },
        {
          "type": "image",
          "assetId": "K_EtrWwDW4B",
          "checksum": "1cb7948e8c78d6860dd5471d169df62d"
        },
        {
          "type": "image",
          "assetId": "LMOPWgCRUKh",
          "checksum": "11dae03d90f1cda5dd3923075b15af66"
        },
        {
          "type": "image",
          "assetId": "5u14KZWQgSW",
          "checksum": "4ea95799d87bb8aba1dd7b5968d9d8cf"
        },
        {
          "type": "image",
          "assetId": "_r7sLhpwYd9",
          "checksum": "41274edc7e9f5c6303319742a7f12288"
        },
        {
          "type": "image",
          "assetId": "kAakpxYCZW9",
          "checksum": "4ca5685b9f971d7b7e0b632f045d76ec"
        },
        {
          "type": "image",
          "assetId": "kL2YxOHkIsN",
          "checksum": "d1605beca6cd3ca85dc4b67521d23449"
        },
        {
          "type": "image",
          "assetId": "jbe4YDjGPOp",
          "checksum": "2ac5134261a2bdfa3d34ce71f22a66cf"
        },
        {
          "type": "image",
          "assetId": "uxXbBtaX9MR",
          "checksum": "301845ba2409ce11798bf2ddddcf4992"
        },
        {
          "type": "image",
          "assetId": "LKolNw9pXcK",
          "checksum": "632687f3f6c482a23a17efd2519afc1f"
        }
      ],
      "codegenVersion": "0.0.1"
    }
  ],
  "cliVersion": "0.1.187"
}
